
Microsoft Visual Studio Solution File, Format Version 12.00
# Visual Studio 15
Project("{FAE04EC0-301F-11D3-BF4B-00C04F79EFBC}") = "LECS_Web", "LECS_Web\LECS_Web.csproj", "{B1C72DA2-2DA5-4029-A6FE-B7975B0F52C0}"
EndProject
Global
	GlobalSection(SolutionConfigurationPlatforms) = preSolution
		Debug|Any CPU = Debug|Any CPU
		Release|Any CPU = Release|Any CPU
	EndGlobalSection
	GlobalSection(ProjectConfigurationPlatforms) = postSolution
		{B1C72DA2-2DA5-4029-A6FE-B7975B0F52C0}.Debug|Any CPU.ActiveCfg = Debug|Any CPU
		{B1C72DA2-2DA5-4029-A6FE-B7975B0F52C0}.Debug|Any CPU.Build.0 = Debug|Any CPU
		{B1C72DA2-2DA5-4029-A6FE-B7975B0F52C0}.Release|Any CPU.ActiveCfg = Release|Any CPU
		{B1C72DA2-2DA5-4029-A6FE-B7975B0F52C0}.Release|Any CPU.Build.0 = Release|Any CPU
	EndGlobalSection
EndGlobal
